
Microsoft Visual Studio Solution File, Format Version 12.00
# Visual Studio Version 17
VisualStudioVersion = 17.2.32516.85
MinimumVisualStudioVersion = 10.0.40219.1
Project("{FAE04EC0-301F-11D3-BF4B-00C04F79EFBC}") = "TrafikSim", "TrafikSim\TrafikSim.csproj", "{56B019DD-608E-4F43-8854-6964282C74D4}"
EndProject
Global
	GlobalSection(SolutionConfigurationPlatforms) = preSolution
		Debug|Any CPU = Debug|Any CPU
		Release|Any CPU = Release|Any CPU
	EndGlobalSection
	GlobalSection(ProjectConfigurationPlatforms) = postSolution
		{56B019DD-608E-4F43-8854-6964282C74D4}.Debug|Any CPU.ActiveCfg = Debug|Any CPU
		{56B019DD-608E-4F43-8854-6964282C74D4}.Debug|Any CPU.Build.0 = Debug|Any CPU
		{56B019DD-608E-4F43-8854-6964282C74D4}.Release|Any CPU.ActiveCfg = Release|Any CPU
		{56B019DD-608E-4F43-8854-6964282C74D4}.Release|Any CPU.Build.0 = Release|Any CPU
	EndGlobalSection
	GlobalSection(SolutionProperties) = preSolution
		HideSolutionNode = FALSE
	EndGlobalSection
	GlobalSection(ExtensibilityGlobals) = postSolution
		SolutionGuid = {C4112033-37E8-448D-AB4F-8EC96B964599}
	EndGlobalSection
EndGlobal
